
Microsoft Visual Studio Solution File, Format Version 12.00
# Visual Studio Version 16
VisualStudioVersion = 16.0.30114.105
MinimumVisualStudioVersion = 10.0.40219.1
Project("{FAE04EC0-301F-11D3-BF4B-00C04F79EFBC}") = "NET-react-algorithms", "NET-react-algorithms.csproj", "{B493C607-6EDD-4C26-B3ED-B73917DEB9B3}"
EndProject
Global
	GlobalSection(SolutionConfigurationPlatforms) = preSolution
		Debug|Any CPU = Debug|Any CPU
		Release|Any CPU = Release|Any CPU
	EndGlobalSection
	GlobalSection(SolutionProperties) = preSolution
		HideSolutionNode = FALSE
	EndGlobalSection
	GlobalSection(ProjectConfigurationPlatforms) = postSolution
		{B493C607-6EDD-4C26-B3ED-B73917DEB9B3}.Debug|Any CPU.ActiveCfg = Debug|Any CPU
		{B493C607-6EDD-4C26-B3ED-B73917DEB9B3}.Debug|Any CPU.Build.0 = Debug|Any CPU
		{B493C607-6EDD-4C26-B3ED-B73917DEB9B3}.Release|Any CPU.ActiveCfg = Release|Any CPU
		{B493C607-6EDD-4C26-B3ED-B73917DEB9B3}.Release|Any CPU.Build.0 = Release|Any CPU
	EndGlobalSection
EndGlobal
